
Microsoft Visual Studio Solution File, Format Version 11.00
# Visual Studio 2010
# SharpDevelop 5.1
Project("{FAE04EC0-301F-11D3-BF4B-00C04F79EFBC}") = "cifra de cesar", "cifra de cesar\cifra de cesar.csproj", "{7AE222CE-9F4B-4B36-885F-9E1C05253484}"
EndProject
Global
	GlobalSection(SolutionConfigurationPlatforms) = preSolution
		Debug|Any CPU = Debug|Any CPU
		Release|Any CPU = Release|Any CPU
	EndGlobalSection
	GlobalSection(ProjectConfigurationPlatforms) = postSolution
		{7AE222CE-9F4B-4B36-885F-9E1C05253484}.Debug|Any CPU.ActiveCfg = Debug|Any CPU
		{7AE222CE-9F4B-4B36-885F-9E1C05253484}.Debug|Any CPU.Build.0 = Debug|Any CPU
		{7AE222CE-9F4B-4B36-885F-9E1C05253484}.Release|Any CPU.ActiveCfg = Release|Any CPU
		{7AE222CE-9F4B-4B36-885F-9E1C05253484}.Release|Any CPU.Build.0 = Release|Any CPU
	EndGlobalSection
EndGlobal
